
Microsoft Visual Studio Solution File, Format Version 12.00
# Visual Studio Version 17
VisualStudioVersion = 17.13.35931.197 d17.13
MinimumVisualStudioVersion = 10.0.40219.1
Project("{FAE04EC0-301F-11D3-BF4B-00C04F79EFBC}") = "USFLibraryMgmtSystem", "USFLibraryMgmtSystem.csproj", "{6465E96D-7481-43CD-94E0-354F9E174114}"
EndProject
Global
	GlobalSection(SolutionConfigurationPlatforms) = preSolution
		Debug|Any CPU = Debug|Any CPU
		Release|Any CPU = Release|Any CPU
	EndGlobalSection
	GlobalSection(ProjectConfigurationPlatforms) = postSolution
		{6465E96D-7481-43CD-94E0-354F9E174114}.Debug|Any CPU.ActiveCfg = Debug|Any CPU
		{6465E96D-7481-43CD-94E0-354F9E174114}.Debug|Any CPU.Build.0 = Debug|Any CPU
		{6465E96D-7481-43CD-94E0-354F9E174114}.Release|Any CPU.ActiveCfg = Release|Any CPU
		{6465E96D-7481-43CD-94E0-354F9E174114}.Release|Any CPU.Build.0 = Release|Any CPU
	EndGlobalSection
	GlobalSection(SolutionProperties) = preSolution
		HideSolutionNode = FALSE
	EndGlobalSection
	GlobalSection(ExtensibilityGlobals) = postSolution
		SolutionGuid = {6ED0201D-E2C7-4EB5-934E-644D19FDCEF6}
	EndGlobalSection
EndGlobal
